
Microsoft Visual Studio Solution File, Format Version 11.00
# Visual Studio 2010
Project("{4925A630-B079-445d-BCD4-3A9C94FE9307}") = "Example.Tests", "Example.Tests.fsproj", "{A52A2408-422C-48B4-8964-1B64EB94CBE0}"
EndProject
Global
	GlobalSection(SolutionConfigurationPlatforms) = preSolution
		Debug|Any CPU = Debug|Any CPU
		Release|Any CPU = Release|Any CPU
	EndGlobalSection
	GlobalSection(ProjectConfigurationPlatforms) = postSolution
		{A52A2408-422C-48B4-8964-1B64EB94CBE0}.Debug|Any CPU.ActiveCfg = Debug|Any CPU
		{A52A2408-422C-48B4-8964-1B64EB94CBE0}.Debug|Any CPU.Build.0 = Debug|Any CPU
		{A52A2408-422C-48B4-8964-1B64EB94CBE0}.Release|Any CPU.ActiveCfg = Release|Any CPU
		{A52A2408-422C-48B4-8964-1B64EB94CBE0}.Release|Any CPU.Build.0 = Release|Any CPU
	EndGlobalSection
	GlobalSection(MonoDevelopProperties) = preSolution
		StartupItem = Example.Tests.fsproj
	EndGlobalSection
EndGlobal
